
Microsoft Visual Studio Solution File, Format Version 12.00
# Visual Studio Version 17
VisualStudioVersion = 17.12.35527.113
MinimumVisualStudioVersion = 10.0.40219.1
Project("{FAE04EC0-301F-11D3-BF4B-00C04F79EFBC}") = "Movies.Api", "Movies.Api\Movies.Api.csproj", "{88813AE8-FBA0-4BD4-94C8-F8C5374AF410}"
EndProject
Project("{FAE04EC0-301F-11D3-BF4B-00C04F79EFBC}") = "Movies.Application", "Movies.Application\Movies.Application.csproj", "{10EF9619-B813-4987-B571-CDB228229F05}"
EndProject
Project("{FAE04EC0-301F-11D3-BF4B-00C04F79EFBC}") = "Movies.Services", "Movies.Services\Movies.Services.csproj", "{BB84E37A-1EB3-4EE4-B792-BB0E05607157}"
EndProject
Global
	GlobalSection(SolutionConfigurationPlatforms) = preSolution
		Debug|Any CPU = Debug|Any CPU
		Release|Any CPU = Release|Any CPU
	EndGlobalSection
	GlobalSection(ProjectConfigurationPlatforms) = postSolution
		{88813AE8-FBA0-4BD4-94C8-F8C5374AF410}.Debug|Any CPU.ActiveCfg = Debug|Any CPU
		{88813AE8-FBA0-4BD4-94C8-F8C5374AF410}.Debug|Any CPU.Build.0 = Debug|Any CPU
		{88813AE8-FBA0-4BD4-94C8-F8C5374AF410}.Release|Any CPU.ActiveCfg = Release|Any CPU
		{88813AE8-FBA0-4BD4-94C8-F8C5374AF410}.Release|Any CPU.Build.0 = Release|Any CPU
		{10EF9619-B813-4987-B571-CDB228229F05}.Debug|Any CPU.ActiveCfg = Debug|Any CPU
		{10EF9619-B813-4987-B571-CDB228229F05}.Debug|Any CPU.Build.0 = Debug|Any CPU
		{10EF9619-B813-4987-B571-CDB228229F05}.Release|Any CPU.ActiveCfg = Release|Any CPU
		{10EF9619-B813-4987-B571-CDB228229F05}.Release|Any CPU.Build.0 = Release|Any CPU
		{BB84E37A-1EB3-4EE4-B792-BB0E05607157}.Debug|Any CPU.ActiveCfg = Debug|Any CPU
		{BB84E37A-1EB3-4EE4-B792-BB0E05607157}.Debug|Any CPU.Build.0 = Debug|Any CPU
		{BB84E37A-1EB3-4EE4-B792-BB0E05607157}.Release|Any CPU.ActiveCfg = Release|Any CPU
		{BB84E37A-1EB3-4EE4-B792-BB0E05607157}.Release|Any CPU.Build.0 = Release|Any CPU
	EndGlobalSection
	GlobalSection(SolutionProperties) = preSolution
		HideSolutionNode = FALSE
	EndGlobalSection
EndGlobal
